
Microsoft Visual Studio Solution File, Format Version 12.00
# Visual Studio Version 17
VisualStudioVersion = 17.1.32328.378
MinimumVisualStudioVersion = 10.0.40219.1
Project("{FAE04EC0-301F-11D3-BF4B-00C04F79EFBC}") = "MovieStar", "MovieStar\MovieStar.csproj", "{47BD390F-7CB6-449E-AE99-2DFC5C7E7D38}"
EndProject
Global
	GlobalSection(SolutionConfigurationPlatforms) = preSolution
		Debug|Any CPU = Debug|Any CPU
		Release|Any CPU = Release|Any CPU
	EndGlobalSection
	GlobalSection(ProjectConfigurationPlatforms) = postSolution
		{47BD390F-7CB6-449E-AE99-2DFC5C7E7D38}.Debug|Any CPU.ActiveCfg = Debug|Any CPU
		{47BD390F-7CB6-449E-AE99-2DFC5C7E7D38}.Debug|Any CPU.Build.0 = Debug|Any CPU
		{47BD390F-7CB6-449E-AE99-2DFC5C7E7D38}.Release|Any CPU.ActiveCfg = Release|Any CPU
		{47BD390F-7CB6-449E-AE99-2DFC5C7E7D38}.Release|Any CPU.Build.0 = Release|Any CPU
	EndGlobalSection
	GlobalSection(SolutionProperties) = preSolution
		HideSolutionNode = FALSE
	EndGlobalSection
	GlobalSection(ExtensibilityGlobals) = postSolution
		SolutionGuid = {5A30B0E3-6B06-41B0-B554-1D75B36DE160}
	EndGlobalSection
EndGlobal
